
Microsoft Visual Studio Solution File, Format Version 12.00
# Visual Studio Version 16
VisualStudioVersion = 25.0.1706.11
MinimumVisualStudioVersion = 10.0.40219.1
Project("{FAE04EC0-301F-11D3-BF4B-00C04F79EFBC}") = "Cours", "Cours\Cours.csproj", "{E98B49FF-4D55-44D4-99E7-590F1B34A563}"
EndProject
Global
	GlobalSection(SolutionConfigurationPlatforms) = preSolution
		Debug|Any CPU = Debug|Any CPU
		Release|Any CPU = Release|Any CPU
	EndGlobalSection
	GlobalSection(ProjectConfigurationPlatforms) = postSolution
		{E98B49FF-4D55-44D4-99E7-590F1B34A563}.Debug|Any CPU.ActiveCfg = Debug|Any CPU
		{E98B49FF-4D55-44D4-99E7-590F1B34A563}.Debug|Any CPU.Build.0 = Debug|Any CPU
		{E98B49FF-4D55-44D4-99E7-590F1B34A563}.Release|Any CPU.ActiveCfg = Release|Any CPU
		{E98B49FF-4D55-44D4-99E7-590F1B34A563}.Release|Any CPU.Build.0 = Release|Any CPU
	EndGlobalSection
	GlobalSection(SolutionProperties) = preSolution
		HideSolutionNode = FALSE
	EndGlobalSection
	GlobalSection(ExtensibilityGlobals) = postSolution
		SolutionGuid = {7F28A0BD-0281-4F19-BF50-6FD7E0C033CC}
	EndGlobalSection
EndGlobal
